// !$*UTF8*$!
{
	archiveVersion = 1;
	classes = {
	};
	objectVersion = 50;
	objects = {

/* Begin PBXBuildFile section */
		656EB7E1AD380E3F429615CA /* Pods_Roomies.framework in Frameworks */ = {isa = PBXBuildFile; fileRef = D186EC00820531ED6846B6B6 /* Pods_Roomies.framework */; };
		8A29D53C218D259D003D2334 /* ShoppingViewController.swift in Sources */ = {isa = PBXBuildFile; fileRef = 8A29D53B218D259D003D2334 /* ShoppingViewController.swift */; };
		8A29D53E218D3C5E003D2334 /* NewApartmentViewController.swift in Sources */ = {isa = PBXBuildFile; fileRef = 8A29D53D218D3C5E003D2334 /* NewApartmentViewController.swift */; };
		8A29D542218D3EBD003D2334 /* CoreLocation.framework in Frameworks */ = {isa = PBXBuildFile; fileRef = 8A29D541218D3EBD003D2334 /* CoreLocation.framework */; };
		8A29D544218D534C003D2334 /* ApartmentManager.swift in Sources */ = {isa = PBXBuildFile; fileRef = 8A29D543218D534C003D2334 /* ApartmentManager.swift */; };
		8A29D546218D5BCE003D2334 /* ApartmentViewController.swift in Sources */ = {isa = PBXBuildFile; fileRef = 8A29D545218D5BCE003D2334 /* ApartmentViewController.swift */; };
		8A29D548218D5FAE003D2334 /* UITableViewMapCell.swift in Sources */ = {isa = PBXBuildFile; fileRef = 8A29D547218D5FAE003D2334 /* UITableViewMapCell.swift */; };
		8A29D54F218D6D89003D2334 /* UserSearchViewController.swift in Sources */ = {isa = PBXBuildFile; fileRef = 8A29D54E218D6D89003D2334 /* UserSearchViewController.swift */; };
		8A29D551218D9965003D2334 /* ApartmentListViewController.swift in Sources */ = {isa = PBXBuildFile; fileRef = 8A29D550218D9965003D2334 /* ApartmentListViewController.swift */; };
		8A29D553218DC9BB003D2334 /* GroceryCategory.swift in Sources */ = {isa = PBXBuildFile; fileRef = 8A29D552218DC9BB003D2334 /* GroceryCategory.swift */; };
		8A29D555218E00BA003D2334 /* GroceryListViewController.swift in Sources */ = {isa = PBXBuildFile; fileRef = 8A29D554218E00BA003D2334 /* GroceryListViewController.swift */; };
		8A29D557218E5512003D2334 /* AddGroceryListItemController.swift in Sources */ = {isa = PBXBuildFile; fileRef = 8A29D556218E5512003D2334 /* AddGroceryListItemController.swift */; };
		8A29D559218E5D10003D2334 /* GroceryItemViewController.swift in Sources */ = {isa = PBXBuildFile; fileRef = 8A29D558218E5D10003D2334 /* GroceryItemViewController.swift */; };
		8A29D55C218E78ED003D2334 /* AddressLookup.swift in Sources */ = {isa = PBXBuildFile; fileRef = 8A29D55B218E78ED003D2334 /* AddressLookup.swift */; };
		8A29D55E218EA191003D2334 /* UITableViewStatCell.swift in Sources */ = {isa = PBXBuildFile; fileRef = 8A29D55D218EA191003D2334 /* UITableViewStatCell.swift */; };
		8A29D561218ED945003D2334 /* Bill.swift in Sources */ = {isa = PBXBuildFile; fileRef = 8A29D560218ED945003D2334 /* Bill.swift */; };
		8A29D563218EE5A7003D2334 /* BillManager.swift in Sources */ = {isa = PBXBuildFile; fileRef = 8A29D562218EE5A7003D2334 /* BillManager.swift */; };
		8A29D566218EE719003D2334 /* BillsViewController.swift in Sources */ = {isa = PBXBuildFile; fileRef = 8A29D565218EE719003D2334 /* BillsViewController.swift */; };
		8A29D568218EEEAE003D2334 /* UITableViewBillCell.swift in Sources */ = {isa = PBXBuildFile; fileRef = 8A29D567218EEEAE003D2334 /* UITableViewBillCell.swift */; };
		8A2DFEB921654BCC00D71FC5 /* AppUser.swift in Sources */ = {isa = PBXBuildFile; fileRef = 8A2DFEB821654BCC00D71FC5 /* AppUser.swift */; };
		8A2DFEBC21654D0A00D71FC5 /* BaseViewController.swift in Sources */ = {isa = PBXBuildFile; fileRef = 8A2DFEBB21654D0A00D71FC5 /* BaseViewController.swift */; };
		8A75B09821632B090071227C /* AppDelegate.swift in Sources */ = {isa = PBXBuildFile; fileRef = 8A75B09721632B090071227C /* AppDelegate.swift */; };
		8A75B09D21632B090071227C /* Main.storyboard in Resources */ = {isa = PBXBuildFile; fileRef = 8A75B09B21632B090071227C /* Main.storyboard */; };
		8A75B09F21632B0A0071227C /* Assets.xcassets in Resources */ = {isa = PBXBuildFile; fileRef = 8A75B09E21632B0A0071227C /* Assets.xcassets */; };
		8A75B0A221632B0A0071227C /* LaunchScreen.storyboard in Resources */ = {isa = PBXBuildFile; fileRef = 8A75B0A021632B0A0071227C /* LaunchScreen.storyboard */; };
		8A75B0AA21632D290071227C /* GoogleService-Info.plist in Resources */ = {isa = PBXBuildFile; fileRef = 8A75B0A921632D290071227C /* GoogleService-Info.plist */; };
		8A75B0AC216332EA0071227C /* LoginViewController.swift in Sources */ = {isa = PBXBuildFile; fileRef = 8A75B0AB216332EA0071227C /* LoginViewController.swift */; };
		8A75B0AE216333DA0071227C /* GlobalOverrides.swift in Sources */ = {isa = PBXBuildFile; fileRef = 8A75B0AD216333DA0071227C /* GlobalOverrides.swift */; };
		8A75B0B02163363A0071227C /* UserManager.swift in Sources */ = {isa = PBXBuildFile; fileRef = 8A75B0AF2163363A0071227C /* UserManager.swift */; };
		C7C62F922165D3C70095E33E /* GroceryManager.swift in Sources */ = {isa = PBXBuildFile; fileRef = C7C62F912165D3C70095E33E /* GroceryManager.swift */; };
		C7C62F962165D40E0095E33E /* GroceryItem.swift in Sources */ = {isa = PBXBuildFile; fileRef = C7C62F952165D40E0095E33E /* GroceryItem.swift */; };
		C7C62F9A2165D5FA0095E33E /* Apartment.swift in Sources */ = {isa = PBXBuildFile; fileRef = C7C62F992165D5FA0095E33E /* Apartment.swift */; };
/* End PBXBuildFile section */

/* Begin PBXFileReference section */
		5F49D2F597BB0B873B299147 /* Pods-Roomies.release.xcconfig */ = {isa = PBXFileReference; includeInIndex = 1; lastKnownFileType = text.xcconfig; name = "Pods-Roomies.release.xcconfig"; path = "Pods/Target Support Files/Pods-Roomies/Pods-Roomies.release.xcconfig"; sourceTree = "<group>"; };
		8A29D53B218D259D003D2334 /* ShoppingViewController.swift */ = {isa = PBXFileReference; lastKnownFileType = sourcecode.swift; path = ShoppingViewController.swift; sourceTree = "<group>"; };
		8A29D53D218D3C5E003D2334 /* NewApartmentViewController.swift */ = {isa = PBXFileReference; lastKnownFileType = sourcecode.swift; path = NewApartmentViewController.swift; sourceTree = "<group>"; };
		8A29D541218D3EBD003D2334 /* CoreLocation.framework */ = {isa = PBXFileReference; lastKnownFileType = wrapper.framework; name = CoreLocation.framework; path = System/Library/Frameworks/CoreLocation.framework; sourceTree = SDKROOT; };
		8A29D543218D534C003D2334 /* ApartmentManager.swift */ = {isa = PBXFileReference; lastKnownFileType = sourcecode.swift; path = ApartmentManager.swift; sourceTree = "<group>"; };
		8A29D545218D5BCE003D2334 /* ApartmentViewController.swift */ = {isa = PBXFileReference; lastKnownFileType = sourcecode.swift; path = ApartmentViewController.swift; sourceTree = "<group>"; };
		8A29D547218D5FAE003D2334 /* UITableViewMapCell.swift */ = {isa = PBXFileReference; lastKnownFileType = sourcecode.swift; path = UITableViewMapCell.swift; sourceTree = "<group>"; };
		8A29D54E218D6D89003D2334 /* UserSearchViewController.swift */ = {isa = PBXFileReference; lastKnownFileType = sourcecode.swift; path = UserSearchViewController.swift; sourceTree = "<group>"; };
		8A29D550218D9965003D2334 /* ApartmentListViewController.swift */ = {isa = PBXFileReference; lastKnownFileType = sourcecode.swift; path = ApartmentListViewController.swift; sourceTree = "<group>"; };
		8A29D552218DC9BB003D2334 /* GroceryCategory.swift */ = {isa = PBXFileReference; lastKnownFileType = sourcecode.swift; path = GroceryCategory.swift; sourceTree = "<group>"; };
		8A29D554218E00BA003D2334 /* GroceryListViewController.swift */ = {isa = PBXFileReference; lastKnownFileType = sourcecode.swift; path = GroceryListViewController.swift; sourceTree = "<group>"; };
		8A29D556218E5512003D2334 /* AddGroceryListItemController.swift */ = {isa = PBXFileReference; lastKnownFileType = sourcecode.swift; path = AddGroceryListItemController.swift; sourceTree = "<group>"; };
		8A29D558218E5D10003D2334 /* GroceryItemViewController.swift */ = {isa = PBXFileReference; lastKnownFileType = sourcecode.swift; path = GroceryItemViewController.swift; sourceTree = "<group>"; };
		8A29D55B218E78ED003D2334 /* AddressLookup.swift */ = {isa = PBXFileReference; lastKnownFileType = sourcecode.swift; path = AddressLookup.swift; sourceTree = "<group>"; };
		8A29D55D218EA191003D2334 /* UITableViewStatCell.swift */ = {isa = PBXFileReference; lastKnownFileType = sourcecode.swift; path = UITableViewStatCell.swift; sourceTree = "<group>"; };
		8A29D560218ED945003D2334 /* Bill.swift */ = {isa = PBXFileReference; lastKnownFileType = sourcecode.swift; path = Bill.swift; sourceTree = "<group>"; };
		8A29D562218EE5A7003D2334 /* BillManager.swift */ = {isa = PBXFileReference; lastKnownFileType = sourcecode.swift; path = BillManager.swift; sourceTree = "<group>"; };
		8A29D565218EE719003D2334 /* BillsViewController.swift */ = {isa = PBXFileReference; lastKnownFileType = sourcecode.swift; path = BillsViewController.swift; sourceTree = "<group>"; };
		8A29D567218EEEAE003D2334 /* UITableViewBillCell.swift */ = {isa = PBXFileReference; lastKnownFileType = sourcecode.swift; path = UITableViewBillCell.swift; sourceTree = "<group>"; };
		8A2DFEB821654BCC00D71FC5 /* AppUser.swift */ = {isa = PBXFileReference; lastKnownFileType = sourcecode.swift; path = AppUser.swift; sourceTree = "<group>"; };
		8A2DFEBB21654D0A00D71FC5 /* BaseViewController.swift */ = {isa = PBXFileReference; lastKnownFileType = sourcecode.swift; path = BaseViewController.swift; sourceTree = "<group>"; };
		8A75B09421632B090071227C /* Roomies.app */ = {isa = PBXFileReference; explicitFileType = wrapper.application; includeInIndex = 0; path = Roomies.app; sourceTree = BUILT_PRODUCTS_DIR; };
		8A75B09721632B090071227C /* AppDelegate.swift */ = {isa = PBXFileReference; lastKnownFileType = sourcecode.swift; path = AppDelegate.swift; sourceTree = "<group>"; };
		8A75B09C21632B090071227C /* Base */ = {isa = PBXFileReference; lastKnownFileType = file.storyboard; name = Base; path = Base.lproj/Main.storyboard; sourceTree = "<group>"; };
		8A75B09E21632B0A0071227C /* Assets.xcassets */ = {isa = PBXFileReference; lastKnownFileType = folder.assetcatalog; path = Assets.xcassets; sourceTree = "<group>"; };
		8A75B0A121632B0A0071227C /* Base */ = {isa = PBXFileReference; lastKnownFileType = file.storyboard; name = Base; path = Base.lproj/LaunchScreen.storyboard; sourceTree = "<group>"; };
		8A75B0A321632B0A0071227C /* Info.plist */ = {isa = PBXFileReference; lastKnownFileType = text.plist.xml; path = Info.plist; sourceTree = "<group>"; };
		8A75B0A921632D290071227C /* GoogleService-Info.plist */ = {isa = PBXFileReference; fileEncoding = 4; lastKnownFileType = text.plist.xml; path = "GoogleService-Info.plist"; sourceTree = "<group>"; };
		8A75B0AB216332EA0071227C /* LoginViewController.swift */ = {isa = PBXFileReference; lastKnownFileType = sourcecode.swift; path = LoginViewController.swift; sourceTree = "<group>"; };
		8A75B0AD216333DA0071227C /* GlobalOverrides.swift */ = {isa = PBXFileReference; lastKnownFileType = sourcecode.swift; path = GlobalOverrides.swift; sourceTree = "<group>"; };
		8A75B0AF2163363A0071227C /* UserManager.swift */ = {isa = PBXFileReference; lastKnownFileType = sourcecode.swift; path = UserManager.swift; sourceTree = "<group>"; };
		C7C62F912165D3C70095E33E /* GroceryManager.swift */ = {isa = PBXFileReference; lastKnownFileType = sourcecode.swift; path = GroceryManager.swift; sourceTree = "<group>"; };
		C7C62F952165D40E0095E33E /* GroceryItem.swift */ = {isa = PBXFileReference; lastKnownFileType = sourcecode.swift; path = GroceryItem.swift; sourceTree = "<group>"; };
		C7C62F992165D5FA0095E33E /* Apartment.swift */ = {isa = PBXFileReference; lastKnownFileType = sourcecode.swift; path = Apartment.swift; sourceTree = "<group>"; };
		D186EC00820531ED6846B6B6 /* Pods_Roomies.framework */ = {isa = PBXFileReference; explicitFileType = wrapper.framework; includeInIndex = 0; path = Pods_Roomies.framework; sourceTree = BUILT_PRODUCTS_DIR; };
		DD3095B704A0B5C538F03CD9 /* Pods-Roomies.debug.xcconfig */ = {isa = PBXFileReference; includeInIndex = 1; lastKnownFileType = text.xcconfig; name = "Pods-Roomies.debug.xcconfig"; path = "Pods/Target Support Files/Pods-Roomies/Pods-Roomies.debug.xcconfig"; sourceTree = "<group>"; };
/* End PBXFileReference section */

/* Begin PBXFrameworksBuildPhase section */
		8A75B09121632B090071227C /* Frameworks */ = {
			isa = PBXFrameworksBuildPhase;
			buildActionMask = 2147483647;
			files = (
				8A29D542218D3EBD003D2334 /* CoreLocation.framework in Frameworks */,
				656EB7E1AD380E3F429615CA /* Pods_Roomies.framework in Frameworks */,
			);
			runOnlyForDeploymentPostprocessing = 0;
		};
/* End PBXFrameworksBuildPhase section */

/* Begin PBXGroup section */
		683ADDEF487A516BAABBDE07 /* Frameworks */ = {
			isa = PBXGroup;
			children = (
				8A29D541218D3EBD003D2334 /* CoreLocation.framework */,
				D186EC00820531ED6846B6B6 /* Pods_Roomies.framework */,
			);
			name = Frameworks;
			sourceTree = "<group>";
		};
		6D1954BE76554F001836A9AE /* Pods */ = {
			isa = PBXGroup;
			children = (
				DD3095B704A0B5C538F03CD9 /* Pods-Roomies.debug.xcconfig */,
				5F49D2F597BB0B873B299147 /* Pods-Roomies.release.xcconfig */,
			);
			name = Pods;
			sourceTree = "<group>";
		};
		8A29D549218D6B1D003D2334 /* Apartment */ = {
			isa = PBXGroup;
			children = (
				8A29D545218D5BCE003D2334 /* ApartmentViewController.swift */,
				8A29D53D218D3C5E003D2334 /* NewApartmentViewController.swift */,
				8A29D550218D9965003D2334 /* ApartmentListViewController.swift */,
			);
			path = Apartment;
			sourceTree = "<group>";
		};
		8A29D54A218D6B26003D2334 /* Managers */ = {
			isa = PBXGroup;
			children = (
				C7C62F912165D3C70095E33E /* GroceryManager.swift */,
				8A75B0AF2163363A0071227C /* UserManager.swift */,
				8A29D543218D534C003D2334 /* ApartmentManager.swift */,
				8A29D562218EE5A7003D2334 /* BillManager.swift */,
			);
			path = Managers;
			sourceTree = "<group>";
		};
		8A29D54B218D6B37003D2334 /* Shopping */ = {
			isa = PBXGroup;
			children = (
				8A29D53B218D259D003D2334 /* ShoppingViewController.swift */,
			);
			path = Shopping;
			sourceTree = "<group>";
		};
		8A29D54C218D6B46003D2334 /* Custom UIKit Classes */ = {
			isa = PBXGroup;
			children = (
				8A29D547218D5FAE003D2334 /* UITableViewMapCell.swift */,
				8A29D55D218EA191003D2334 /* UITableViewStatCell.swift */,
				8A29D567218EEEAE003D2334 /* UITableViewBillCell.swift */,
			);
			path = "Custom UIKit Classes";
			sourceTree = "<group>";
		};
		8A29D54D218D6B51003D2334 /* Misc. ViewControllers */ = {
			isa = PBXGroup;
			children = (
				8A75B0AB216332EA0071227C /* LoginViewController.swift */,
				8A2DFEBB21654D0A00D71FC5 /* BaseViewController.swift */,
				8A29D54E218D6D89003D2334 /* UserSearchViewController.swift */,
			);
			path = "Misc. ViewControllers";
			sourceTree = "<group>";
		};
		8A29D55A218E5F30003D2334 /* Grocery List */ = {
			isa = PBXGroup;
			children = (
				8A29D554218E00BA003D2334 /* GroceryListViewController.swift */,
				8A29D556218E5512003D2334 /* AddGroceryListItemController.swift */,
				8A29D558218E5D10003D2334 /* GroceryItemViewController.swift */,
			);
			path = "Grocery List";
			sourceTree = "<group>";
		};
		8A29D55F218ED935003D2334 /* Bills */ = {
			isa = PBXGroup;
			children = (
				8A29D560218ED945003D2334 /* Bill.swift */,
			);
			path = Bills;
			sourceTree = "<group>";
		};
		8A29D564218EE707003D2334 /* Bills */ = {
			isa = PBXGroup;
			children = (
				8A29D565218EE719003D2334 /* BillsViewController.swift */,
			);
			path = Bills;
			sourceTree = "<group>";
		};
		8A2DFEB721654BBA00D71FC5 /* Models */ = {
			isa = PBXGroup;
			children = (
				8A29D55F218ED935003D2334 /* Bills */,
				C7C62F902165D33F0095E33E /* Groceries */,
				C7C62F8F2165D32E0095E33E /* Apartment */,
				8A2DFEBA21654C9300D71FC5 /* User */,
			);
			path = Models;
			sourceTree = "<group>";
		};
		8A2DFEBA21654C9300D71FC5 /* User */ = {
			isa = PBXGroup;
			children = (
				8A2DFEB821654BCC00D71FC5 /* AppUser.swift */,
			);
			path = User;
			sourceTree = "<group>";
		};
		8A75B08B21632B090071227C = {
			isa = PBXGroup;
			children = (
				8A75B0A921632D290071227C /* GoogleService-Info.plist */,
				8A75B09621632B090071227C /* Roomies */,
				8A75B09521632B090071227C /* Products */,
				6D1954BE76554F001836A9AE /* Pods */,
				683ADDEF487A516BAABBDE07 /* Frameworks */,
			);
			sourceTree = "<group>";
		};
		8A75B09521632B090071227C /* Products */ = {
			isa = PBXGroup;
			children = (
				8A75B09421632B090071227C /* Roomies.app */,
			);
			name = Products;
			sourceTree = "<group>";
		};
		8A75B09621632B090071227C /* Roomies */ = {
			isa = PBXGroup;
			children = (
				8A29D564218EE707003D2334 /* Bills */,
				8A75B09E21632B0A0071227C /* Assets.xcassets */,
				8A75B09721632B090071227C /* AppDelegate.swift */,
				8A29D549218D6B1D003D2334 /* Apartment */,
				8A2DFEB721654BBA00D71FC5 /* Models */,
				8A75B09B21632B090071227C /* Main.storyboard */,
				8A29D54B218D6B37003D2334 /* Shopping */,
				8A75B0A021632B0A0071227C /* LaunchScreen.storyboard */,
				8A75B0A321632B0A0071227C /* Info.plist */,
				8A75B0AD216333DA0071227C /* GlobalOverrides.swift */,
				8A29D54A218D6B26003D2334 /* Managers */,
				8A29D54C218D6B46003D2334 /* Custom UIKit Classes */,
				8A29D54D218D6B51003D2334 /* Misc. ViewControllers */,
				8A29D55A218E5F30003D2334 /* Grocery List */,
				8A29D55B218E78ED003D2334 /* AddressLookup.swift */,
			);
			path = Roomies;
			sourceTree = "<group>";
		};
		C7C62F8F2165D32E0095E33E /* Apartment */ = {
			isa = PBXGroup;
			children = (
				C7C62F992165D5FA0095E33E /* Apartment.swift */,
			);
			path = Apartment;
			sourceTree = "<group>";
		};
		C7C62F902165D33F0095E33E /* Groceries */ = {
			isa = PBXGroup;
			children = (
				C7C62F952165D40E0095E33E /* GroceryItem.swift */,
				8A29D552218DC9BB003D2334 /* GroceryCategory.swift */,
			);
			path = Groceries;
			sourceTree = "<group>";
		};
/* End PBXGroup section */

/* Begin PBXNativeTarget section */
		8A75B09321632B090071227C /* Roomies */ = {
			isa = PBXNativeTarget;
			buildConfigurationList = 8A75B0A621632B0A0071227C /* Build configuration list for PBXNativeTarget "Roomies" */;
			buildPhases = (
				4AFA752352F310B317EF39D5 /* [CP] Check Pods Manifest.lock */,
				8A75B09021632B090071227C /* Sources */,
				8A75B09121632B090071227C /* Frameworks */,
				8A75B09221632B090071227C /* Resources */,
				B463CE726C699CA9EAB277FB /* [CP] Embed Pods Frameworks */,
			);
			buildRules = (
			);
			dependencies = (
			);
			name = Roomies;
			productName = Roomies;
			productReference = 8A75B09421632B090071227C /* Roomies.app */;
			productType = "com.apple.product-type.application";
		};
/* End PBXNativeTarget section */

/* Begin PBXProject section */
		8A75B08C21632B090071227C /* Project object */ = {
			isa = PBXProject;
			attributes = {
				LastSwiftUpdateCheck = 1000;
				LastUpgradeCheck = 1000;
				ORGANIZATIONNAME = "Keaton Burleson";
				TargetAttributes = {
					8A75B09321632B090071227C = {
						CreatedOnToolsVersion = 10.0;
					};
				};
			};
			buildConfigurationList = 8A75B08F21632B090071227C /* Build configuration list for PBXProject "Roomies" */;
			compatibilityVersion = "Xcode 9.3";
			developmentRegion = en;
			hasScannedForEncodings = 0;
			knownRegions = (
				en,
				Base,
			);
			mainGroup = 8A75B08B21632B090071227C;
			productRefGroup = 8A75B09521632B090071227C /* Products */;
			projectDirPath = "";
			projectRoot = "";
			targets = (
				8A75B09321632B090071227C /* Roomies */,
			);
		};
/* End PBXProject section */

/* Begin PBXResourcesBuildPhase section */
		8A75B09221632B090071227C /* Resources */ = {
			isa = PBXResourcesBuildPhase;
			buildActionMask = 2147483647;
			files = (
				8A75B0A221632B0A0071227C /* LaunchScreen.storyboard in Resources */,
				8A75B0AA21632D290071227C /* GoogleService-Info.plist in Resources */,
				8A75B09F21632B0A0071227C /* Assets.xcassets in Resources */,
				8A75B09D21632B090071227C /* Main.storyboard in Resources */,
			);
			runOnlyForDeploymentPostprocessing = 0;
		};
/* End PBXResourcesBuildPhase section */

/* Begin PBXShellScriptBuildPhase section */
		4AFA752352F310B317EF39D5 /* [CP] Check Pods Manifest.lock */ = {
			isa = PBXShellScriptBuildPhase;
			buildActionMask = 2147483647;
			files = (
			);
			inputFileListPaths = (
			);
			inputPaths = (
				"${PODS_PODFILE_DIR_PATH}/Podfile.lock",
				"${PODS_ROOT}/Manifest.lock",
			);
			name = "[CP] Check Pods Manifest.lock";
			outputFileListPaths = (
			);
			outputPaths = (
				"$(DERIVED_FILE_DIR)/Pods-Roomies-checkManifestLockResult.txt",
			);
			runOnlyForDeploymentPostprocessing = 0;
			shellPath = /bin/sh;
			shellScript = "diff \"${PODS_PODFILE_DIR_PATH}/Podfile.lock\" \"${PODS_ROOT}/Manifest.lock\" > /dev/null\nif [ $? != 0 ] ; then\n    # print error to STDERR\n    echo \"error: The sandbox is not in sync with the Podfile.lock. Run 'pod install' or update your CocoaPods installation.\" >&2\n    exit 1\nfi\n# This output is used by Xcode 'outputs' to avoid re-running this script phase.\necho \"SUCCESS\" > \"${SCRIPT_OUTPUT_FILE_0}\"\n";
			showEnvVarsInLog = 0;
		};
		B463CE726C699CA9EAB277FB /* [CP] Embed Pods Frameworks */ = {
			isa = PBXShellScriptBuildPhase;
			buildActionMask = 2147483647;
			files = (
			);
			inputFileListPaths = (
			);
			inputPaths = (
				"${SRCROOT}/Pods/Target Support Files/Pods-Roomies/Pods-Roomies-frameworks.sh",
				"${BUILT_PRODUCTS_DIR}/BoringSSL/openssl.framework",
				"${BUILT_PRODUCTS_DIR}/CodableFirebase/CodableFirebase.framework",
				"${BUILT_PRODUCTS_DIR}/GTMSessionFetcher/GTMSessionFetcher.framework",
				"${BUILT_PRODUCTS_DIR}/GoogleUtilities/GoogleUtilities.framework",
				"${BUILT_PRODUCTS_DIR}/MBProgressHUD/MBProgressHUD.framework",
				"${BUILT_PRODUCTS_DIR}/Protobuf/Protobuf.framework",
				"${BUILT_PRODUCTS_DIR}/gRPC/GRPCClient.framework",
				"${BUILT_PRODUCTS_DIR}/gRPC-C++/grpcpp.framework",
				"${BUILT_PRODUCTS_DIR}/gRPC-Core/grpc.framework",
				"${BUILT_PRODUCTS_DIR}/gRPC-ProtoRPC/ProtoRPC.framework",
				"${BUILT_PRODUCTS_DIR}/gRPC-RxLibrary/RxLibrary.framework",
				"${BUILT_PRODUCTS_DIR}/leveldb-library/leveldb.framework",
				"${BUILT_PRODUCTS_DIR}/nanopb/nanopb.framework",
			);
			name = "[CP] Embed Pods Frameworks";
			outputFileListPaths = (
			);
			outputPaths = (
				"${TARGET_BUILD_DIR}/${FRAMEWORKS_FOLDER_PATH}/openssl.framework",
				"${TARGET_BUILD_DIR}/${FRAMEWORKS_FOLDER_PATH}/CodableFirebase.framework",
				"${TARGET_BUILD_DIR}/${FRAMEWORKS_FOLDER_PATH}/GTMSessionFetcher.framework",
				"${TARGET_BUILD_DIR}/${FRAMEWORKS_FOLDER_PATH}/GoogleUtilities.framework",
				"${TARGET_BUILD_DIR}/${FRAMEWORKS_FOLDER_PATH}/MBProgressHUD.framework",
				"${TARGET_BUILD_DIR}/${FRAMEWORKS_FOLDER_PATH}/Protobuf.framework",
				"${TARGET_BUILD_DIR}/${FRAMEWORKS_FOLDER_PATH}/GRPCClient.framework",
				"${TARGET_BUILD_DIR}/${FRAMEWORKS_FOLDER_PATH}/grpcpp.framework",
				"${TARGET_BUILD_DIR}/${FRAMEWORKS_FOLDER_PATH}/grpc.framework",
				"${TARGET_BUILD_DIR}/${FRAMEWORKS_FOLDER_PATH}/ProtoRPC.framework",
				"${TARGET_BUILD_DIR}/${FRAMEWORKS_FOLDER_PATH}/RxLibrary.framework",
				"${TARGET_BUILD_DIR}/${FRAMEWORKS_FOLDER_PATH}/leveldb.framework",
				"${TARGET_BUILD_DIR}/${FRAMEWORKS_FOLDER_PATH}/nanopb.framework",
			);
			runOnlyForDeploymentPostprocessing = 0;
			shellPath = /bin/sh;
			shellScript = "\"${SRCROOT}/Pods/Target Support Files/Pods-Roomies/Pods-Roomies-frameworks.sh\"\n";
			showEnvVarsInLog = 0;
		};
/* End PBXShellScriptBuildPhase section */

/* Begin PBXSourcesBuildPhase section */
		8A75B09021632B090071227C /* Sources */ = {
			isa = PBXSourcesBuildPhase;
			buildActionMask = 2147483647;
			files = (
				8A75B0AC216332EA0071227C /* LoginViewController.swift in Sources */,
				8A29D53C218D259D003D2334 /* ShoppingViewController.swift in Sources */,
				8A29D555218E00BA003D2334 /* GroceryListViewController.swift in Sources */,
				8A29D546218D5BCE003D2334 /* ApartmentViewController.swift in Sources */,
				8A29D544218D534C003D2334 /* ApartmentManager.swift in Sources */,
				C7C62F9A2165D5FA0095E33E /* Apartment.swift in Sources */,
				C7C62F962165D40E0095E33E /* GroceryItem.swift in Sources */,
				8A29D54F218D6D89003D2334 /* UserSearchViewController.swift in Sources */,
				8A29D551218D9965003D2334 /* ApartmentListViewController.swift in Sources */,
				8A75B0AE216333DA0071227C /* GlobalOverrides.swift in Sources */,
				8A29D563218EE5A7003D2334 /* BillManager.swift in Sources */,
				8A29D548218D5FAE003D2334 /* UITableViewMapCell.swift in Sources */,
				8A75B0B02163363A0071227C /* UserManager.swift in Sources */,
				8A29D53E218D3C5E003D2334 /* NewApartmentViewController.swift in Sources */,
				8A29D568218EEEAE003D2334 /* UITableViewBillCell.swift in Sources */,
				8A2DFEB921654BCC00D71FC5 /* AppUser.swift in Sources */,
				8A75B09821632B090071227C /* AppDelegate.swift in Sources */,
				8A29D557218E5512003D2334 /* AddGroceryListItemController.swift in Sources */,
				8A29D566218EE719003D2334 /* BillsViewController.swift in Sources */,
				8A2DFEBC21654D0A00D71FC5 /* BaseViewController.swift in Sources */,
				8A29D55C218E78ED003D2334 /* AddressLookup.swift in Sources */,
				8A29D561218ED945003D2334 /* Bill.swift in Sources */,
				8A29D553218DC9BB003D2334 /* GroceryCategory.swift in Sources */,
				8A29D55E218EA191003D2334 /* UITableViewStatCell.swift in Sources */,
				C7C62F922165D3C70095E33E /* GroceryManager.swift in Sources */,
				8A29D559218E5D10003D2334 /* GroceryItemViewController.swift in Sources */,
			);
			runOnlyForDeploymentPostprocessing = 0;
		};
/* End PBXSourcesBuildPhase section */

/* Begin PBXVariantGroup section */
		8A75B09B21632B090071227C /* Main.storyboard */ = {
			isa = PBXVariantGroup;
			children = (
				8A75B09C21632B090071227C /* Base */,
			);
			name = Main.storyboard;
			sourceTree = "<group>";
		};
		8A75B0A021632B0A0071227C /* LaunchScreen.storyboard */ = {
			isa = PBXVariantGroup;
			children = (
				8A75B0A121632B0A0071227C /* Base */,
			);
			name = LaunchScreen.storyboard;
			sourceTree = "<group>";
		};
/* End PBXVariantGroup section */

/* Begin XCBuildConfiguration section */
		8A75B0A421632B0A0071227C /* Debug */ = {
			isa = XCBuildConfiguration;
			baseConfigurationReference = 5F49D2F597BB0B873B299147 /* Pods-Roomies.release.xcconfig */;
			buildSettings = {
				ALWAYS_SEARCH_USER_PATHS = NO;
				CLANG_ANALYZER_NONNULL = YES;
				CLANG_ANALYZER_NUMBER_OBJECT_CONVERSION = YES_AGGRESSIVE;
				CLANG_CXX_LANGUAGE_STANDARD = "gnu++14";
				CLANG_CXX_LIBRARY = "libc++";
				CLANG_ENABLE_MODULES = YES;
				CLANG_ENABLE_OBJC_ARC = YES;
				CLANG_ENABLE_OBJC_WEAK = YES;
				CLANG_WARN_BLOCK_CAPTURE_AUTORELEASING = YES;
				CLANG_WARN_BOOL_CONVERSION = YES;
				CLANG_WARN_COMMA = YES;
				CLANG_WARN_CONSTANT_CONVERSION = YES;
				CLANG_WARN_DEPRECATED_OBJC_IMPLEMENTATIONS = YES;
				CLANG_WARN_DIRECT_OBJC_ISA_USAGE = YES_ERROR;
				CLANG_WARN_DOCUMENTATION_COMMENTS = YES;
				CLANG_WARN_EMPTY_BODY = YES;
				CLANG_WARN_ENUM_CONVERSION = YES;
				CLANG_WARN_INFINITE_RECURSION = YES;
				CLANG_WARN_INT_CONVERSION = YES;
				CLANG_WARN_NON_LITERAL_NULL_CONVERSION = YES;
				CLANG_WARN_OBJC_IMPLICIT_RETAIN_SELF = YES;
				CLANG_WARN_OBJC_LITERAL_CONVERSION = YES;
				CLANG_WARN_OBJC_ROOT_CLASS = YES_ERROR;
				CLANG_WARN_RANGE_LOOP_ANALYSIS = YES;
				CLANG_WARN_STRICT_PROTOTYPES = YES;
				CLANG_WARN_SUSPICIOUS_MOVE = YES;
				CLANG_WARN_UNGUARDED_AVAILABILITY = YES_AGGRESSIVE;
				CLANG_WARN_UNREACHABLE_CODE = YES;
				CLANG_WARN__DUPLICATE_METHOD_MATCH = YES;
				CODE_SIGN_IDENTITY = "iPhone Developer";
				COPY_PHASE_STRIP = NO;
				DEBUG_INFORMATION_FORMAT = dwarf;
				ENABLE_STRICT_OBJC_MSGSEND = YES;
				ENABLE_TESTABILITY = YES;
				GCC_C_LANGUAGE_STANDARD = gnu11;
				GCC_DYNAMIC_NO_PIC = NO;
				GCC_NO_COMMON_BLOCKS = YES;
				GCC_OPTIMIZATION_LEVEL = 0;
				GCC_PREPROCESSOR_DEFINITIONS = (
					"DEBUG=1",
					"$(inherited)",
				);
				GCC_WARN_64_TO_32_BIT_CONVERSION = YES;
				GCC_WARN_ABOUT_RETURN_TYPE = YES_ERROR;
				GCC_WARN_UNDECLARED_SELECTOR = YES;
				GCC_WARN_UNINITIALIZED_AUTOS = YES_AGGRESSIVE;
				GCC_WARN_UNUSED_FUNCTION = YES;
				GCC_WARN_UNUSED_VARIABLE = YES;
				IPHONEOS_DEPLOYMENT_TARGET = 12.0;
				MTL_ENABLE_DEBUG_INFO = INCLUDE_SOURCE;
				MTL_FAST_MATH = YES;
				ONLY_ACTIVE_ARCH = YES;
				SDKROOT = iphoneos;
				SWIFT_ACTIVE_COMPILATION_CONDITIONS = DEBUG;
				SWIFT_OPTIMIZATION_LEVEL = "-Onone";
			};
			name = Debug;
		};
		8A75B0A521632B0A0071227C /* Release */ = {
			isa = XCBuildConfiguration;
			baseConfigurationReference = 5F49D2F597BB0B873B299147 /* Pods-Roomies.release.xcconfig */;
			buildSettings = {
				ALWAYS_SEARCH_USER_PATHS = NO;
				CLANG_ANALYZER_NONNULL = YES;
				CLANG_ANALYZER_NUMBER_OBJECT_CONVERSION = YES_AGGRESSIVE;
				CLANG_CXX_LANGUAGE_STANDARD = "gnu++14";
				CLANG_CXX_LIBRARY = "libc++";
				CLANG_ENABLE_MODULES = YES;
				CLANG_ENABLE_OBJC_ARC = YES;
				CLANG_ENABLE_OBJC_WEAK = YES;
				CLANG_WARN_BLOCK_CAPTURE_AUTORELEASING = YES;
				CLANG_WARN_BOOL_CONVERSION = YES;
				CLANG_WARN_COMMA = YES;
				CLANG_WARN_CONSTANT_CONVERSION = YES;
				CLANG_WARN_DEPRECATED_OBJC_IMPLEMENTATIONS = YES;
				CLANG_WARN_DIRECT_OBJC_ISA_USAGE = YES_ERROR;
				CLANG_WARN_DOCUMENTATION_COMMENTS = YES;
				CLANG_WARN_EMPTY_BODY = YES;
				CLANG_WARN_ENUM_CONVERSION = YES;
				CLANG_WARN_INFINITE_RECURSION = YES;
				CLANG_WARN_INT_CONVERSION = YES;
				CLANG_WARN_NON_LITERAL_NULL_CONVERSION = YES;
				CLANG_WARN_OBJC_IMPLICIT_RETAIN_SELF = YES;
				CLANG_WARN_OBJC_LITERAL_CONVERSION = YES;
				CLANG_WARN_OBJC_ROOT_CLASS = YES_ERROR;
				CLANG_WARN_RANGE_LOOP_ANALYSIS = YES;
				CLANG_WARN_STRICT_PROTOTYPES = YES;
				CLANG_WARN_SUSPICIOUS_MOVE = YES;
				CLANG_WARN_UNGUARDED_AVAILABILITY = YES_AGGRESSIVE;
				CLANG_WARN_UNREACHABLE_CODE = YES;
				CLANG_WARN__DUPLICATE_METHOD_MATCH = YES;
				CODE_SIGN_IDENTITY = "iPhone Developer";
				COPY_PHASE_STRIP = NO;
				DEBUG_INFORMATION_FORMAT = "dwarf-with-dsym";
				ENABLE_NS_ASSERTIONS = NO;
				ENABLE_STRICT_OBJC_MSGSEND = YES;
				GCC_C_LANGUAGE_STANDARD = gnu11;
				GCC_NO_COMMON_BLOCKS = YES;
				GCC_WARN_64_TO_32_BIT_CONVERSION = YES;
				GCC_WARN_ABOUT_RETURN_TYPE = YES_ERROR;
				GCC_WARN_UNDECLARED_SELECTOR = YES;
				GCC_WARN_UNINITIALIZED_AUTOS = YES_AGGRESSIVE;
				GCC_WARN_UNUSED_FUNCTION = YES;
				GCC_WARN_UNUSED_VARIABLE = YES;
				IPHONEOS_DEPLOYMENT_TARGET = 12.0;
				MTL_ENABLE_DEBUG_INFO = NO;
				MTL_FAST_MATH = YES;
				SDKROOT = iphoneos;
				SWIFT_COMPILATION_MODE = wholemodule;
				SWIFT_OPTIMIZATION_LEVEL = "-O";
				VALIDATE_PRODUCT = YES;
			};
			name = Release;
		};
		8A75B0A721632B0A0071227C /* Debug */ = {
			isa = XCBuildConfiguration;
			baseConfigurationReference = DD3095B704A0B5C538F03CD9 /* Pods-Roomies.debug.xcconfig */;
			buildSettings = {
				ASSETCATALOG_COMPILER_APPICON_NAME = AppIcon;
				CODE_SIGN_STYLE = Automatic;
				DEVELOPMENT_TEAM = JMQ9Y3A8K6;
				INFOPLIST_FILE = Roomies/Info.plist;
				LD_RUNPATH_SEARCH_PATHS = (
					"$(inherited)",
					"@executable_path/Frameworks",
				);
				PRODUCT_BUNDLE_IDENTIFIER = com.buer.Roomies;
				PRODUCT_NAME = "$(TARGET_NAME)";
				SWIFT_VERSION = 4.2;
				TARGETED_DEVICE_FAMILY = "1,2";
			};
			name = Debug;
		};
		8A75B0A821632B0A0071227C /* Release */ = {
			isa = XCBuildConfiguration;
			baseConfigurationReference = 5F49D2F597BB0B873B299147 /* Pods-Roomies.release.xcconfig */;
			buildSettings = {
				ASSETCATALOG_COMPILER_APPICON_NAME = AppIcon;
				CODE_SIGN_STYLE = Automatic;
				DEVELOPMENT_TEAM = JMQ9Y3A8K6;
				INFOPLIST_FILE = Roomies/Info.plist;
				LD_RUNPATH_SEARCH_PATHS = (
					"$(inherited)",
					"@executable_path/Frameworks",
				);
				PRODUCT_BUNDLE_IDENTIFIER = com.buer.Roomies;
				PRODUCT_NAME = "$(TARGET_NAME)";
				SWIFT_VERSION = 4.2;
				TARGETED_DEVICE_FAMILY = "1,2";
			};
			name = Release;
		};
/* End XCBuildConfiguration section */

/* Begin XCConfigurationList section */
		8A75B08F21632B090071227C /* Build configuration list for PBXProject "Roomies" */ = {
			isa = XCConfigurationList;
			buildConfigurations = (
				8A75B0A421632B0A0071227C /* Debug */,
				8A75B0A521632B0A0071227C /* Release */,
			);
			defaultConfigurationIsVisible = 0;
			defaultConfigurationName = Release;
		};
		8A75B0A621632B0A0071227C /* Build configuration list for PBXNativeTarget "Roomies" */ = {
			isa = XCConfigurationList;
			buildConfigurations = (
				8A75B0A721632B0A0071227C /* Debug */,
				8A75B0A821632B0A0071227C /* Release */,
			);
			defaultConfigurationIsVisible = 0;
			defaultConfigurationName = Release;
		};
/* End XCConfigurationList section */
	};
	rootObject = 8A75B08C21632B090071227C /* Project object */;
}
